
Microsoft Visual Studio Solution File, Format Version 12.00
# Visual Studio Version 17
VisualStudioVersion = 17.8.34316.72
MinimumVisualStudioVersion = 10.0.40219.1
Project("{FAE04EC0-301F-11D3-BF4B-00C04F79EFBC}") = "DziennikUczniaN", "DziennikUczniaN.csproj", "{BBCB3AFC-AA8B-4C01-9C26-34D3415F7604}"
EndProject
Global
	GlobalSection(SolutionConfigurationPlatforms) = preSolution
		Debug|Any CPU = Debug|Any CPU
		Release|Any CPU = Release|Any CPU
	EndGlobalSection
	GlobalSection(ProjectConfigurationPlatforms) = postSolution
		{BBCB3AFC-AA8B-4C01-9C26-34D3415F7604}.Debug|Any CPU.ActiveCfg = Debug|Any CPU
		{BBCB3AFC-AA8B-4C01-9C26-34D3415F7604}.Debug|Any CPU.Build.0 = Debug|Any CPU
		{BBCB3AFC-AA8B-4C01-9C26-34D3415F7604}.Release|Any CPU.ActiveCfg = Release|Any CPU
		{BBCB3AFC-AA8B-4C01-9C26-34D3415F7604}.Release|Any CPU.Build.0 = Release|Any CPU
	EndGlobalSection
	GlobalSection(SolutionProperties) = preSolution
		HideSolutionNode = FALSE
	EndGlobalSection
	GlobalSection(ExtensibilityGlobals) = postSolution
		SolutionGuid = {27C6EA02-E3CF-4024-81BB-02F5A21697B2}
	EndGlobalSection
EndGlobal
